
Microsoft Visual Studio Solution File, Format Version 12.00
# Visual Studio Version 17
VisualStudioVersion = 17.1.32104.313
MinimumVisualStudioVersion = 10.0.40219.1
Project("{9A19103F-16F7-4668-BE54-9A1E7A4F7556}") = "DocLang", "DocLang\DocLang.csproj", "{8A14A875-C4F0-4BFD-B36B-6937BB8E640B}"
EndProject
Project("{9A19103F-16F7-4668-BE54-9A1E7A4F7556}") = "DocLang.Shell", "DocLang.Shell\DocLang.Shell.csproj", "{52B4A0C4-00D4-45C2-86B2-0A067DDCC8B1}"
EndProject
Project("{9A19103F-16F7-4668-BE54-9A1E7A4F7556}") = "StorageLib", "..\..\Base Libraries\StorageLib\StorageLib\StorageLib.csproj", "{5DD88578-B657-4B81-BD93-25B7C78D9452}"
EndProject
Project("{9A19103F-16F7-4668-BE54-9A1E7A4F7556}") = "StorageLib.Base", "..\..\Base Libraries\StorageLib\StorageLib.Base\StorageLib.Base.csproj", "{86551046-A890-46B2-A9AF-22C9D652364B}"
EndProject
Global
	GlobalSection(SolutionConfigurationPlatforms) = preSolution
		Debug|Any CPU = Debug|Any CPU
		Release|Any CPU = Release|Any CPU
	EndGlobalSection
	GlobalSection(ProjectConfigurationPlatforms) = postSolution
		{8A14A875-C4F0-4BFD-B36B-6937BB8E640B}.Debug|Any CPU.ActiveCfg = Debug|Any CPU
		{8A14A875-C4F0-4BFD-B36B-6937BB8E640B}.Debug|Any CPU.Build.0 = Debug|Any CPU
		{8A14A875-C4F0-4BFD-B36B-6937BB8E640B}.Release|Any CPU.ActiveCfg = Release|Any CPU
		{8A14A875-C4F0-4BFD-B36B-6937BB8E640B}.Release|Any CPU.Build.0 = Release|Any CPU
		{52B4A0C4-00D4-45C2-86B2-0A067DDCC8B1}.Debug|Any CPU.ActiveCfg = Debug|Any CPU
		{52B4A0C4-00D4-45C2-86B2-0A067DDCC8B1}.Debug|Any CPU.Build.0 = Debug|Any CPU
		{52B4A0C4-00D4-45C2-86B2-0A067DDCC8B1}.Release|Any CPU.ActiveCfg = Release|Any CPU
		{52B4A0C4-00D4-45C2-86B2-0A067DDCC8B1}.Release|Any CPU.Build.0 = Release|Any CPU
		{5DD88578-B657-4B81-BD93-25B7C78D9452}.Debug|Any CPU.ActiveCfg = Debug|Any CPU
		{5DD88578-B657-4B81-BD93-25B7C78D9452}.Debug|Any CPU.Build.0 = Debug|Any CPU
		{5DD88578-B657-4B81-BD93-25B7C78D9452}.Release|Any CPU.ActiveCfg = Release|Any CPU
		{5DD88578-B657-4B81-BD93-25B7C78D9452}.Release|Any CPU.Build.0 = Release|Any CPU
		{86551046-A890-46B2-A9AF-22C9D652364B}.Debug|Any CPU.ActiveCfg = Debug|Any CPU
		{86551046-A890-46B2-A9AF-22C9D652364B}.Debug|Any CPU.Build.0 = Debug|Any CPU
		{86551046-A890-46B2-A9AF-22C9D652364B}.Release|Any CPU.ActiveCfg = Release|Any CPU
		{86551046-A890-46B2-A9AF-22C9D652364B}.Release|Any CPU.Build.0 = Release|Any CPU
	EndGlobalSection
	GlobalSection(SolutionProperties) = preSolution
		HideSolutionNode = FALSE
	EndGlobalSection
	GlobalSection(ExtensibilityGlobals) = postSolution
		SolutionGuid = {D64D0A8F-078A-4251-ABE4-0FD3907FECFD}
	EndGlobalSection
EndGlobal
