
Microsoft Visual Studio Solution File, Format Version 12.00
# Visual Studio Version 17
VisualStudioVersion = 17.1.32104.313
MinimumVisualStudioVersion = 10.0.40219.1
Project("{9A19103F-16F7-4668-BE54-9A1E7A4F7556}") = "DocLang", "DocLang\DocLang.csproj", "{8A14A875-C4F0-4BFD-B36B-6937BB8E640B}"
EndProject
Project("{9A19103F-16F7-4668-BE54-9A1E7A4F7556}") = "DocLang.Shell", "DocLang.Shell\DocLang.Shell.csproj", "{52B4A0C4-00D4-45C2-86B2-0A067DDCC8B1}"
EndProject
Project("{FAE04EC0-301F-11D3-BF4B-00C04F79EFBC}") = "BassScript", "..\BassScript\BassScript\BassScript.csproj", "{B4312D93-EDC7-495B-8B36-146CD784ECC4}"
EndProject
Project("{FAE04EC0-301F-11D3-BF4B-00C04F79EFBC}") = "StorageLib", "..\StorageLib\StorageLib\StorageLib.csproj", "{0407EC29-FA45-4BB7-AA75-08E0215A6579}"
EndProject
Project("{FAE04EC0-301F-11D3-BF4B-00C04F79EFBC}") = "StorageLib.Base", "..\StorageLib\StorageLib.Base\StorageLib.Base.csproj", "{A01FA131-3C90-4DF4-8F06-9CBB8790F1B2}"
EndProject
Global
	GlobalSection(SolutionConfigurationPlatforms) = preSolution
		Debug|Any CPU = Debug|Any CPU
		Release|Any CPU = Release|Any CPU
	EndGlobalSection
	GlobalSection(ProjectConfigurationPlatforms) = postSolution
		{8A14A875-C4F0-4BFD-B36B-6937BB8E640B}.Debug|Any CPU.ActiveCfg = Debug|Any CPU
		{8A14A875-C4F0-4BFD-B36B-6937BB8E640B}.Debug|Any CPU.Build.0 = Debug|Any CPU
		{8A14A875-C4F0-4BFD-B36B-6937BB8E640B}.Release|Any CPU.ActiveCfg = Release|Any CPU
		{8A14A875-C4F0-4BFD-B36B-6937BB8E640B}.Release|Any CPU.Build.0 = Release|Any CPU
		{52B4A0C4-00D4-45C2-86B2-0A067DDCC8B1}.Debug|Any CPU.ActiveCfg = Debug|Any CPU
		{52B4A0C4-00D4-45C2-86B2-0A067DDCC8B1}.Debug|Any CPU.Build.0 = Debug|Any CPU
		{52B4A0C4-00D4-45C2-86B2-0A067DDCC8B1}.Release|Any CPU.ActiveCfg = Release|Any CPU
		{52B4A0C4-00D4-45C2-86B2-0A067DDCC8B1}.Release|Any CPU.Build.0 = Release|Any CPU
		{B4312D93-EDC7-495B-8B36-146CD784ECC4}.Debug|Any CPU.ActiveCfg = Debug|Any CPU
		{B4312D93-EDC7-495B-8B36-146CD784ECC4}.Debug|Any CPU.Build.0 = Debug|Any CPU
		{B4312D93-EDC7-495B-8B36-146CD784ECC4}.Release|Any CPU.ActiveCfg = Release|Any CPU
		{B4312D93-EDC7-495B-8B36-146CD784ECC4}.Release|Any CPU.Build.0 = Release|Any CPU
		{0407EC29-FA45-4BB7-AA75-08E0215A6579}.Debug|Any CPU.ActiveCfg = Debug|Any CPU
		{0407EC29-FA45-4BB7-AA75-08E0215A6579}.Debug|Any CPU.Build.0 = Debug|Any CPU
		{0407EC29-FA45-4BB7-AA75-08E0215A6579}.Release|Any CPU.ActiveCfg = Release|Any CPU
		{0407EC29-FA45-4BB7-AA75-08E0215A6579}.Release|Any CPU.Build.0 = Release|Any CPU
		{A01FA131-3C90-4DF4-8F06-9CBB8790F1B2}.Debug|Any CPU.ActiveCfg = Debug|Any CPU
		{A01FA131-3C90-4DF4-8F06-9CBB8790F1B2}.Debug|Any CPU.Build.0 = Debug|Any CPU
		{A01FA131-3C90-4DF4-8F06-9CBB8790F1B2}.Release|Any CPU.ActiveCfg = Release|Any CPU
		{A01FA131-3C90-4DF4-8F06-9CBB8790F1B2}.Release|Any CPU.Build.0 = Release|Any CPU
	EndGlobalSection
	GlobalSection(SolutionProperties) = preSolution
		HideSolutionNode = FALSE
	EndGlobalSection
	GlobalSection(ExtensibilityGlobals) = postSolution
		SolutionGuid = {D64D0A8F-078A-4251-ABE4-0FD3907FECFD}
	EndGlobalSection
EndGlobal
